{
  "nodes": {
    "nixpkgs": {
      "locked": {
        "lastModified": 1732758367,
        "narHash": "sha256-RzaI1RO0UXqLjydtz3GAXSTzHkpb/lLD1JD8a0W4Wpo=",
        "owner": "NixOS",
        "repo": "nixpkgs",
        "rev": "fa42b5a5f401aab8a32bd33c9a4de0738180dc59",
        "type": "github"
      },
      "original": {
        "owner": "NixOS",
        "ref": "nixos-unstable",
        "repo": "nixpkgs",
        "type": "github"
      }
    },
    "pyproject-build-systems": {
      "inputs": {
        "nixpkgs": [
          "nixpkgs"
        ],
        "pyproject-nix": [
          "pyproject-nix"
        ],
        "uv2nix": [
          "uv2nix"
        ]
      },
      "locked": {
        "lastModified": 1732962768,
        "narHash": "sha256-h2Yw5zyWPsGQVpiGLTpSahftvBsnZOaA7v4mk05m1lU=",
        "owner": "pyproject-nix",
        "repo": "build-system-pkgs",
        "rev": "1e772680922e7bc536020ae096bc263d8d156e03",
        "type": "github"
      },
      "original": {
        "owner": "pyproject-nix",
        "repo": "build-system-pkgs",
        "type": "github"
      }
    },
    "pyproject-nix": {
      "inputs": {
        "nixpkgs": [
          "nixpkgs"
        ]
      },
      "locked": {
        "lastModified": 1732962559,
        "narHash": "sha256-eYqPesSaqCs1VOgCU1aHQlGhHf0vuBgGB7/Oilwh6sY=",
        "owner": "pyproject-nix",
        "repo": "pyproject.nix",
        "rev": "3177f822c19c053e9bebdd60bac6f3440cd924d5",
        "type": "github"
      },
      "original": {
        "owner": "pyproject-nix",
        "repo": "pyproject.nix",
        "type": "github"
      }
    },
    "root": {
      "inputs": {
        "nixpkgs": "nixpkgs",
        "pyproject-build-systems": "pyproject-build-systems",
        "pyproject-nix": "pyproject-nix",
        "uv2nix": "uv2nix"
      }
    },
    "uv2nix": {
      "inputs": {
        "nixpkgs": [
          "nixpkgs"
        ],
        "pyproject-nix": [
          "pyproject-nix"
        ]
      },
      "locked": {
        "lastModified": 1732962573,
        "narHash": "sha256-CB/176tU9mMhOyudiHbJXBW3JegcswVgCPlOV+Oosig=",
        "owner": "pyproject-nix",
        "repo": "uv2nix",
        "rev": "01f6460b0bb433483be799c0c8a790cf375c15ab",
        "type": "github"
      },
      "original": {
        "owner": "pyproject-nix",
        "repo": "uv2nix",
        "type": "github"
      }
    }
  },
  "root": "root",
  "version": 7
}
